<?xml version="1.0" encoding="utf-8"?>
<Project ToolsVersion="4.0" xmlns="http://schemas.microsoft.com/developer/msbuild/2003">
  <ItemGroup>
    <Filter Include="Source Files">
      <UniqueIdentifier>{4FC737F1-C7A5-4376-A066-2A32D752A2FF}</UniqueIdentifier>
      <Extensions>.cpp;c;cc;cxx;def;odl;idl;hpj;bat;asm;asmx</Extensions>
    </Filter>
    <Filter Include="Header Files">
      <UniqueIdentifier>{93995380-89BD-4b04-88EB-625FBE52EBFB}</UniqueIdentifier>
      <Extensions>h;hh.hh;hxx;hm;inl;inc;xsd</Extensions>
    </Filter>
    <Filter Include="Resource Files">
      <UniqueIdentifier>{67DA6AB6-F800-4c08-8B7A-83BB121AAD01}</UniqueIdentifier>
      <Extensions>rc;ico;cur;bmp;dlg;rc2;rct;bin;rgs;gif;jpg;jpeg;jpe;resx;tiff;tif;png;wav;mfcribbon-ms</Extensions>
    </Filter>
    <Filter Include="Header Files\Core">
      <UniqueIdentifier>{943f648d-cc3d-40e0-afd8-9d2173c88a5c}</UniqueIdentifier>
    </Filter>
    <Filter Include="Source Files\Core">
      <UniqueIdentifier>{a19add31-376e-4b60-88f3-3e1f6c6d1bdf}</UniqueIdentifier>
    </Filter>
    <Filter Include="Header Files\Objects">
      <UniqueIdentifier>{fbe2113c-c67e-42c6-a6d5-a37735c045ce}</UniqueIdentifier>
    </Filter>
    <Filter Include="Source Files\Objects">
      <UniqueIdentifier>{22c6785a-88f4-414b-98d3-d74ac03ec86b}</UniqueIdentifier>
    </Filter>
  </ItemGroup>
  <ItemGroup>
    <ClCompile Include="..\src\Mt.cc">
      <Filter>Source Files</Filter>
    </ClCompile>
    <ClCompile Include="..\src\objects\Complex.cc">
      <Filter>Source Files\Objects</Filter>
    </ClCompile>
    <ClCompile Include="..\src\core\Config.cc">
      <Filter>Source Files\Core</Filter>
    </ClCompile>
  </ItemGroup>
  <ItemGroup>
    <ClInclude Include="..\src\include\Mt.hh">
      <Filter>Header Files</Filter>
    </ClInclude>
    <ClInclude Include="..\src\include\core\INumeric.hh">
      <Filter>Header Files\Core</Filter>
    </ClInclude>
    <ClInclude Include="..\src\include\objects\Complex.hh">
      <Filter>Header Files\Objects</Filter>
    </ClInclude>
    <ClInclude Include="..\src\include\core\Config.hh">
      <Filter>Header Files\Core</Filter>
    </ClInclude>
    <ClInclude Include="..\src\include\core\Scope.hh">
      <Filter>Header Files\Core</Filter>
    </ClInclude>
    <ClInclude Include="..\src\include\core\IMtObject.hh">
      <Filter>Header Files\Core</Filter>
    </ClInclude>
  </ItemGroup>
</Project>
